// !$*UTF8*$!
{
	archiveVersion = 1;
	classes = {
	};
	objectVersion = 56;
	objects = {

/* Begin PBXBuildFile section */
		935201662AD6C7CD00B7DBE5 /* Main.storyboard in Resources */ = {isa = PBXBuildFile; fileRef = 935201652AD6C7CD00B7DBE5 /* Main.storyboard */; };
		93B3D3802AD67CD400984584 /* AppDelegate.swift in Sources */ = {isa = PBXBuildFile; fileRef = 93B3D37F2AD67CD400984584 /* AppDelegate.swift */; };
		93B3D3822AD67CD400984584 /* SceneDelegate.swift in Sources */ = {isa = PBXBuildFile; fileRef = 93B3D3812AD67CD400984584 /* SceneDelegate.swift */; };
		93B3D3842AD67CD400984584 /* ViewController.swift in Sources */ = {isa = PBXBuildFile; fileRef = 93B3D3832AD67CD400984584 /* ViewController.swift */; };
		93B3D3892AD67CD400984584 /* Assets.xcassets in Resources */ = {isa = PBXBuildFile; fileRef = 93B3D3882AD67CD400984584 /* Assets.xcassets */; };
		93B3D38C2AD67CD400984584 /* LaunchScreen.storyboard in Resources */ = {isa = PBXBuildFile; fileRef = 93B3D38A2AD67CD400984584 /* LaunchScreen.storyboard */; };
		93B3D3972AD67CD500984584 /* DisplayNumbersTests.swift in Sources */ = {isa = PBXBuildFile; fileRef = 93B3D3962AD67CD500984584 /* DisplayNumbersTests.swift */; };
		93B3D3A12AD67CD500984584 /* DisplayNumbersUITests.swift in Sources */ = {isa = PBXBuildFile; fileRef = 93B3D3A02AD67CD500984584 /* DisplayNumbersUITests.swift */; };
		93B3D3A32AD67CD500984584 /* DisplayNumbersUITestsLaunchTests.swift in Sources */ = {isa = PBXBuildFile; fileRef = 93B3D3A22AD67CD500984584 /* DisplayNumbersUITestsLaunchTests.swift */; };
		93B3D3B52AD683A900984584 /* CustomTableViewCell.swift in Sources */ = {isa = PBXBuildFile; fileRef = 93B3D3B32AD683A900984584 /* CustomTableViewCell.swift */; };
		93B3D3B62AD683A900984584 /* CustomTableViewCell.xib in Resources */ = {isa = PBXBuildFile; fileRef = 93B3D3B42AD683A900984584 /* CustomTableViewCell.xib */; };
/* End PBXBuildFile section */

/* Begin PBXContainerItemProxy section */
		93B3D3932AD67CD500984584 /* PBXContainerItemProxy */ = {
			isa = PBXContainerItemProxy;
			containerPortal = 93B3D3742AD67CD400984584 /* Project object */;
			proxyType = 1;
			remoteGlobalIDString = 93B3D37B2AD67CD400984584;
			remoteInfo = DisplayNumbers;
		};
		93B3D39D2AD67CD500984584 /* PBXContainerItemProxy */ = {
			isa = PBXContainerItemProxy;
			containerPortal = 93B3D3742AD67CD400984584 /* Project object */;
			proxyType = 1;
			remoteGlobalIDString = 93B3D37B2AD67CD400984584;
			remoteInfo = DisplayNumbers;
		};
/* End PBXContainerItemProxy section */

/* Begin PBXFileReference section */
		935201652AD6C7CD00B7DBE5 /* Main.storyboard */ = {isa = PBXFileReference; fileEncoding = 4; lastKnownFileType = file.storyboard; path = Main.storyboard; sourceTree = "<group>"; };
		93B3D37C2AD67CD400984584 /* DisplayNumbers.app */ = {isa = PBXFileReference; explicitFileType = wrapper.application; includeInIndex = 0; path = DisplayNumbers.app; sourceTree = BUILT_PRODUCTS_DIR; };
		93B3D37F2AD67CD400984584 /* AppDelegate.swift */ = {isa = PBXFileReference; lastKnownFileType = sourcecode.swift; path = AppDelegate.swift; sourceTree = "<group>"; };
		93B3D3812AD67CD400984584 /* SceneDelegate.swift */ = {isa = PBXFileReference; lastKnownFileType = sourcecode.swift; path = SceneDelegate.swift; sourceTree = "<group>"; };
		93B3D3832AD67CD400984584 /* ViewController.swift */ = {isa = PBXFileReference; lastKnownFileType = sourcecode.swift; path = ViewController.swift; sourceTree = "<group>"; };
		93B3D3882AD67CD400984584 /* Assets.xcassets */ = {isa = PBXFileReference; lastKnownFileType = folder.assetcatalog; path = Assets.xcassets; sourceTree = "<group>"; };
		93B3D38B2AD67CD400984584 /* Base */ = {isa = PBXFileReference; lastKnownFileType = file.storyboard; name = Base; path = Base.lproj/LaunchScreen.storyboard; sourceTree = "<group>"; };
		93B3D38D2AD67CD400984584 /* Info.plist */ = {isa = PBXFileReference; lastKnownFileType = text.plist.xml; path = Info.plist; sourceTree = "<group>"; };
		93B3D3922AD67CD500984584 /* DisplayNumbersTests.xctest */ = {isa = PBXFileReference; explicitFileType = wrapper.cfbundle; includeInIndex = 0; path = DisplayNumbersTests.xctest; sourceTree = BUILT_PRODUCTS_DIR; };
		93B3D3962AD67CD500984584 /* DisplayNumbersTests.swift */ = {isa = PBXFileReference; lastKnownFileType = sourcecode.swift; path = DisplayNumbersTests.swift; sourceTree = "<group>"; };
		93B3D39C2AD67CD500984584 /* DisplayNumbersUITests.xctest */ = {isa = PBXFileReference; explicitFileType = wrapper.cfbundle; includeInIndex = 0; path = DisplayNumbersUITests.xctest; sourceTree = BUILT_PRODUCTS_DIR; };
		93B3D3A02AD67CD500984584 /* DisplayNumbersUITests.swift */ = {isa = PBXFileReference; lastKnownFileType = sourcecode.swift; path = DisplayNumbersUITests.swift; sourceTree = "<group>"; };
		93B3D3A22AD67CD500984584 /* DisplayNumbersUITestsLaunchTests.swift */ = {isa = PBXFileReference; lastKnownFileType = sourcecode.swift; path = DisplayNumbersUITestsLaunchTests.swift; sourceTree = "<group>"; };
		93B3D3B32AD683A900984584 /* CustomTableViewCell.swift */ = {isa = PBXFileReference; lastKnownFileType = sourcecode.swift; path = CustomTableViewCell.swift; sourceTree = "<group>"; };
		93B3D3B42AD683A900984584 /* CustomTableViewCell.xib */ = {isa = PBXFileReference; lastKnownFileType = file.xib; path = CustomTableViewCell.xib; sourceTree = "<group>"; };
/* End PBXFileReference section */

/* Begin PBXFrameworksBuildPhase section */
		93B3D3792AD67CD400984584 /* Frameworks */ = {
			isa = PBXFrameworksBuildPhase;
			buildActionMask = 2147483647;
			files = (
			);
			runOnlyForDeploymentPostprocessing = 0;
		};
		93B3D38F2AD67CD500984584 /* Frameworks */ = {
			isa = PBXFrameworksBuildPhase;
			buildActionMask = 2147483647;
			files = (
			);
			runOnlyForDeploymentPostprocessing = 0;
		};
		93B3D3992AD67CD500984584 /* Frameworks */ = {
			isa = PBXFrameworksBuildPhase;
			buildActionMask = 2147483647;
			files = (
			);
			runOnlyForDeploymentPostprocessing = 0;
		};
/* End PBXFrameworksBuildPhase section */

/* Begin PBXGroup section */
		93B3D3732AD67CD400984584 = {
			isa = PBXGroup;
			children = (
				93B3D37E2AD67CD400984584 /* DisplayNumbers */,
				93B3D3952AD67CD500984584 /* DisplayNumbersTests */,
				93B3D39F2AD67CD500984584 /* DisplayNumbersUITests */,
				93B3D37D2AD67CD400984584 /* Products */,
			);
			sourceTree = "<group>";
		};
		93B3D37D2AD67CD400984584 /* Products */ = {
			isa = PBXGroup;
			children = (
				93B3D37C2AD67CD400984584 /* DisplayNumbers.app */,
				93B3D3922AD67CD500984584 /* DisplayNumbersTests.xctest */,
				93B3D39C2AD67CD500984584 /* DisplayNumbersUITests.xctest */,
			);
			name = Products;
			sourceTree = "<group>";
		};
		93B3D37E2AD67CD400984584 /* DisplayNumbers */ = {
			isa = PBXGroup;
			children = (
				93B3D37F2AD67CD400984584 /* AppDelegate.swift */,
				93B3D3812AD67CD400984584 /* SceneDelegate.swift */,
				93B3D3832AD67CD400984584 /* ViewController.swift */,
				93B3D3B32AD683A900984584 /* CustomTableViewCell.swift */,
				93B3D3B42AD683A900984584 /* CustomTableViewCell.xib */,
				93B3D3882AD67CD400984584 /* Assets.xcassets */,
				93B3D38A2AD67CD400984584 /* LaunchScreen.storyboard */,
				935201652AD6C7CD00B7DBE5 /* Main.storyboard */,
				93B3D38D2AD67CD400984584 /* Info.plist */,
			);
			path = DisplayNumbers;
			sourceTree = "<group>";
		};
		93B3D3952AD67CD500984584 /* DisplayNumbersTests */ = {
			isa = PBXGroup;
			children = (
				93B3D3962AD67CD500984584 /* DisplayNumbersTests.swift */,
			);
			path = DisplayNumbersTests;
			sourceTree = "<group>";
		};
		93B3D39F2AD67CD500984584 /* DisplayNumbersUITests */ = {
			isa = PBXGroup;
			children = (
				93B3D3A02AD67CD500984584 /* DisplayNumbersUITests.swift */,
				93B3D3A22AD67CD500984584 /* DisplayNumbersUITestsLaunchTests.swift */,
			);
			path = DisplayNumbersUITests;
			sourceTree = "<group>";
		};
/* End PBXGroup section */

/* Begin PBXNativeTarget section */
		93B3D37B2AD67CD400984584 /* DisplayNumbers */ = {
			isa = PBXNativeTarget;
			buildConfigurationList = 93B3D3A62AD67CD500984584 /* Build configuration list for PBXNativeTarget "DisplayNumbers" */;
			buildPhases = (
				93B3D3782AD67CD400984584 /* Sources */,
				93B3D3792AD67CD400984584 /* Frameworks */,
				93B3D37A2AD67CD400984584 /* Resources */,
			);
			buildRules = (
			);
			dependencies = (
			);
			name = DisplayNumbers;
			productName = DisplayNumbers;
			productReference = 93B3D37C2AD67CD400984584 /* DisplayNumbers.app */;
			productType = "com.apple.product-type.application";
		};
		93B3D3912AD67CD500984584 /* DisplayNumbersTests */ = {
			isa = PBXNativeTarget;
			buildConfigurationList = 93B3D3A92AD67CD500984584 /* Build configuration list for PBXNativeTarget "DisplayNumbersTests" */;
			buildPhases = (
				93B3D38E2AD67CD500984584 /* Sources */,
				93B3D38F2AD67CD500984584 /* Frameworks */,
				93B3D3902AD67CD500984584 /* Resources */,
			);
			buildRules = (
			);
			dependencies = (
				93B3D3942AD67CD500984584 /* PBXTargetDependency */,
			);
			name = DisplayNumbersTests;
			productName = DisplayNumbersTests;
			productReference = 93B3D3922AD67CD500984584 /* DisplayNumbersTests.xctest */;
			productType = "com.apple.product-type.bundle.unit-test";
		};
		93B3D39B2AD67CD500984584 /* DisplayNumbersUITests */ = {
			isa = PBXNativeTarget;
			buildConfigurationList = 93B3D3AC2AD67CD500984584 /* Build configuration list for PBXNativeTarget "DisplayNumbersUITests" */;
			buildPhases = (
				93B3D3982AD67CD500984584 /* Sources */,
				93B3D3992AD67CD500984584 /* Frameworks */,
				93B3D39A2AD67CD500984584 /* Resources */,
			);
			buildRules = (
			);
			dependencies = (
				93B3D39E2AD67CD500984584 /* PBXTargetDependency */,
			);
			name = DisplayNumbersUITests;
			productName = DisplayNumbersUITests;
			productReference = 93B3D39C2AD67CD500984584 /* DisplayNumbersUITests.xctest */;
			productType = "com.apple.product-type.bundle.ui-testing";
		};
/* End PBXNativeTarget section */

/* Begin PBXProject section */
		93B3D3742AD67CD400984584 /* Project object */ = {
			isa = PBXProject;
			attributes = {
				BuildIndependentTargetsInParallel = 1;
				LastSwiftUpdateCheck = 1500;
				LastUpgradeCheck = 1500;
				TargetAttributes = {
					93B3D37B2AD67CD400984584 = {
						CreatedOnToolsVersion = 15.0;
					};
					93B3D3912AD67CD500984584 = {
						CreatedOnToolsVersion = 15.0;
						TestTargetID = 93B3D37B2AD67CD400984584;
					};
					93B3D39B2AD67CD500984584 = {
						CreatedOnToolsVersion = 15.0;
						TestTargetID = 93B3D37B2AD67CD400984584;
					};
				};
			};
			buildConfigurationList = 93B3D3772AD67CD400984584 /* Build configuration list for PBXProject "DisplayNumbers" */;
			compatibilityVersion = "Xcode 14.0";
			developmentRegion = en;
			hasScannedForEncodings = 0;
			knownRegions = (
				en,
				Base,
			);
			mainGroup = 93B3D3732AD67CD400984584;
			productRefGroup = 93B3D37D2AD67CD400984584 /* Products */;
			projectDirPath = "";
			projectRoot = "";
			targets = (
				93B3D37B2AD67CD400984584 /* DisplayNumbers */,
				93B3D3912AD67CD500984584 /* DisplayNumbersTests */,
				93B3D39B2AD67CD500984584 /* DisplayNumbersUITests */,
			);
		};
/* End PBXProject section */

/* Begin PBXResourcesBuildPhase section */
		93B3D37A2AD67CD400984584 /* Resources */ = {
			isa = PBXResourcesBuildPhase;
			buildActionMask = 2147483647;
			files = (
				93B3D38C2AD67CD400984584 /* LaunchScreen.storyboard in Resources */,
				93B3D3892AD67CD400984584 /* Assets.xcassets in Resources */,
				93B3D3B62AD683A900984584 /* CustomTableViewCell.xib in Resources */,
				935201662AD6C7CD00B7DBE5 /* Main.storyboard in Resources */,
			);
			runOnlyForDeploymentPostprocessing = 0;
		};
		93B3D3902AD67CD500984584 /* Resources */ = {
			isa = PBXResourcesBuildPhase;
			buildActionMask = 2147483647;
			files = (
			);
			runOnlyForDeploymentPostprocessing = 0;
		};
		93B3D39A2AD67CD500984584 /* Resources */ = {
			isa = PBXResourcesBuildPhase;
			buildActionMask = 2147483647;
			files = (
			);
			runOnlyForDeploymentPostprocessing = 0;
		};
/* End PBXResourcesBuildPhase section */

/* Begin PBXSourcesBuildPhase section */
		93B3D3782AD67CD400984584 /* Sources */ = {
			isa = PBXSourcesBuildPhase;
			buildActionMask = 2147483647;
			files = (
				93B3D3842AD67CD400984584 /* ViewController.swift in Sources */,
				93B3D3802AD67CD400984584 /* AppDelegate.swift in Sources */,
				93B3D3B52AD683A900984584 /* CustomTableViewCell.swift in Sources */,
				93B3D3822AD67CD400984584 /* SceneDelegate.swift in Sources */,
			);
			runOnlyForDeploymentPostprocessing = 0;
		};
		93B3D38E2AD67CD500984584 /* Sources */ = {
			isa = PBXSourcesBuildPhase;
			buildActionMask = 2147483647;
			files = (
				93B3D3972AD67CD500984584 /* DisplayNumbersTests.swift in Sources */,
			);
			runOnlyForDeploymentPostprocessing = 0;
		};
		93B3D3982AD67CD500984584 /* Sources */ = {
			isa = PBXSourcesBuildPhase;
			buildActionMask = 2147483647;
			files = (
				93B3D3A32AD67CD500984584 /* DisplayNumbersUITestsLaunchTests.swift in Sources */,
				93B3D3A12AD67CD500984584 /* DisplayNumbersUITests.swift in Sources */,
			);
			runOnlyForDeploymentPostprocessing = 0;
		};
/* End PBXSourcesBuildPhase section */

/* Begin PBXTargetDependency section */
		93B3D3942AD67CD500984584 /* PBXTargetDependency */ = {
			isa = PBXTargetDependency;
			target = 93B3D37B2AD67CD400984584 /* DisplayNumbers */;
			targetProxy = 93B3D3932AD67CD500984584 /* PBXContainerItemProxy */;
		};
		93B3D39E2AD67CD500984584 /* PBXTargetDependency */ = {
			isa = PBXTargetDependency;
			target = 93B3D37B2AD67CD400984584 /* DisplayNumbers */;
			targetProxy = 93B3D39D2AD67CD500984584 /* PBXContainerItemProxy */;
		};
/* End PBXTargetDependency section */

/* Begin PBXVariantGroup section */
		93B3D38A2AD67CD400984584 /* LaunchScreen.storyboard */ = {
			isa = PBXVariantGroup;
			children = (
				93B3D38B2AD67CD400984584 /* Base */,
			);
			name = LaunchScreen.storyboard;
			sourceTree = "<group>";
		};
/* End PBXVariantGroup section */

/* Begin XCBuildConfiguration section */
		93B3D3A42AD67CD500984584 /* Debug */ = {
			isa = XCBuildConfiguration;
			buildSettings = {
				ALWAYS_SEARCH_USER_PATHS = NO;
				ASSETCATALOG_COMPILER_GENERATE_SWIFT_ASSET_SYMBOL_EXTENSIONS = YES;
				CLANG_ANALYZER_NONNULL = YES;
				CLANG_ANALYZER_NUMBER_OBJECT_CONVERSION = YES_AGGRESSIVE;
				CLANG_CXX_LANGUAGE_STANDARD = "gnu++20";
				CLANG_ENABLE_MODULES = YES;
				CLANG_ENABLE_OBJC_ARC = YES;
				CLANG_ENABLE_OBJC_WEAK = YES;
				CLANG_WARN_BLOCK_CAPTURE_AUTORELEASING = YES;
				CLANG_WARN_BOOL_CONVERSION = YES;
				CLANG_WARN_COMMA = YES;
				CLANG_WARN_CONSTANT_CONVERSION = YES;
				CLANG_WARN_DEPRECATED_OBJC_IMPLEMENTATIONS = YES;
				CLANG_WARN_DIRECT_OBJC_ISA_USAGE = YES_ERROR;
				CLANG_WARN_DOCUMENTATION_COMMENTS = YES;
				CLANG_WARN_EMPTY_BODY = YES;
				CLANG_WARN_ENUM_CONVERSION = YES;
				CLANG_WARN_INFINITE_RECURSION = YES;
				CLANG_WARN_INT_CONVERSION = YES;
				CLANG_WARN_NON_LITERAL_NULL_CONVERSION = YES;
				CLANG_WARN_OBJC_IMPLICIT_RETAIN_SELF = YES;
				CLANG_WARN_OBJC_LITERAL_CONVERSION = YES;
				CLANG_WARN_OBJC_ROOT_CLASS = YES_ERROR;
				CLANG_WARN_QUOTED_INCLUDE_IN_FRAMEWORK_HEADER = YES;
				CLANG_WARN_RANGE_LOOP_ANALYSIS = YES;
				CLANG_WARN_STRICT_PROTOTYPES = YES;
				CLANG_WARN_SUSPICIOUS_MOVE = YES;
				CLANG_WARN_UNGUARDED_AVAILABILITY = YES_AGGRESSIVE;
				CLANG_WARN_UNREACHABLE_CODE = YES;
				CLANG_WARN__DUPLICATE_METHOD_MATCH = YES;
				COPY_PHASE_STRIP = NO;
				DEBUG_INFORMATION_FORMAT = dwarf;
				ENABLE_STRICT_OBJC_MSGSEND = YES;
				ENABLE_TESTABILITY = YES;
				ENABLE_USER_SCRIPT_SANDBOXING = YES;
				GCC_C_LANGUAGE_STANDARD = gnu17;
				GCC_DYNAMIC_NO_PIC = NO;
				GCC_NO_COMMON_BLOCKS = YES;
				GCC_OPTIMIZATION_LEVEL = 0;
				GCC_PREPROCESSOR_DEFINITIONS = (
					"DEBUG=1",
					"$(inherited)",
				);
				GCC_WARN_64_TO_32_BIT_CONVERSION = YES;
				GCC_WARN_ABOUT_RETURN_TYPE = YES_ERROR;
				GCC_WARN_UNDECLARED_SELECTOR = YES;
				GCC_WARN_UNINITIALIZED_AUTOS = YES_AGGRESSIVE;
				GCC_WARN_UNUSED_FUNCTION = YES;
				GCC_WARN_UNUSED_VARIABLE = YES;
				IPHONEOS_DEPLOYMENT_TARGET = 17.0;
				LOCALIZATION_PREFERS_STRING_CATALOGS = YES;
				MTL_ENABLE_DEBUG_INFO = INCLUDE_SOURCE;
				MTL_FAST_MATH = YES;
				ONLY_ACTIVE_ARCH = YES;
				SDKROOT = iphoneos;
				SWIFT_ACTIVE_COMPILATION_CONDITIONS = "DEBUG $(inherited)";
				SWIFT_OPTIMIZATION_LEVEL = "-Onone";
			};
			name = Debug;
		};
		93B3D3A52AD67CD500984584 /* Release */ = {
			isa = XCBuildConfiguration;
			buildSettings = {
				ALWAYS_SEARCH_USER_PATHS = NO;
				ASSETCATALOG_COMPILER_GENERATE_SWIFT_ASSET_SYMBOL_EXTENSIONS = YES;
				CLANG_ANALYZER_NONNULL = YES;
				CLANG_ANALYZER_NUMBER_OBJECT_CONVERSION = YES_AGGRESSIVE;
				CLANG_CXX_LANGUAGE_STANDARD = "gnu++20";
				CLANG_ENABLE_MODULES = YES;
				CLANG_ENABLE_OBJC_ARC = YES;
				CLANG_ENABLE_OBJC_WEAK = YES;
				CLANG_WARN_BLOCK_CAPTURE_AUTORELEASING = YES;
				CLANG_WARN_BOOL_CONVERSION = YES;
				CLANG_WARN_COMMA = YES;
				CLANG_WARN_CONSTANT_CONVERSION = YES;
				CLANG_WARN_DEPRECATED_OBJC_IMPLEMENTATIONS = YES;
				CLANG_WARN_DIRECT_OBJC_ISA_USAGE = YES_ERROR;
				CLANG_WARN_DOCUMENTATION_COMMENTS = YES;
				CLANG_WARN_EMPTY_BODY = YES;
				CLANG_WARN_ENUM_CONVERSION = YES;
				CLANG_WARN_INFINITE_RECURSION = YES;
				CLANG_WARN_INT_CONVERSION = YES;
				CLANG_WARN_NON_LITERAL_NULL_CONVERSION = YES;
				CLANG_WARN_OBJC_IMPLICIT_RETAIN_SELF = YES;
				CLANG_WARN_OBJC_LITERAL_CONVERSION = YES;
				CLANG_WARN_OBJC_ROOT_CLASS = YES_ERROR;
				CLANG_WARN_QUOTED_INCLUDE_IN_FRAMEWORK_HEADER = YES;
				CLANG_WARN_RANGE_LOOP_ANALYSIS = YES;
				CLANG_WARN_STRICT_PROTOTYPES = YES;
				CLANG_WARN_SUSPICIOUS_MOVE = YES;
				CLANG_WARN_UNGUARDED_AVAILABILITY = YES_AGGRESSIVE;
				CLANG_WARN_UNREACHABLE_CODE = YES;
				CLANG_WARN__DUPLICATE_METHOD_MATCH = YES;
				COPY_PHASE_STRIP = NO;
				DEBUG_INFORMATION_FORMAT = "dwarf-with-dsym";
				ENABLE_NS_ASSERTIONS = NO;
				ENABLE_STRICT_OBJC_MSGSEND = YES;
				ENABLE_USER_SCRIPT_SANDBOXING = YES;
				GCC_C_LANGUAGE_STANDARD = gnu17;
				GCC_NO_COMMON_BLOCKS = YES;
				GCC_WARN_64_TO_32_BIT_CONVERSION = YES;
				GCC_WARN_ABOUT_RETURN_TYPE = YES_ERROR;
				GCC_WARN_UNDECLARED_SELECTOR = YES;
				GCC_WARN_UNINITIALIZED_AUTOS = YES_AGGRESSIVE;
				GCC_WARN_UNUSED_FUNCTION = YES;
				GCC_WARN_UNUSED_VARIABLE = YES;
				IPHONEOS_DEPLOYMENT_TARGET = 17.0;
				LOCALIZATION_PREFERS_STRING_CATALOGS = YES;
				MTL_ENABLE_DEBUG_INFO = NO;
				MTL_FAST_MATH = YES;
				SDKROOT = iphoneos;
				SWIFT_COMPILATION_MODE = wholemodule;
				VALIDATE_PRODUCT = YES;
			};
			name = Release;
		};
		93B3D3A72AD67CD500984584 /* Debug */ = {
			isa = XCBuildConfiguration;
			buildSettings = {
				ASSETCATALOG_COMPILER_APPICON_NAME = AppIcon;
				ASSETCATALOG_COMPILER_GLOBAL_ACCENT_COLOR_NAME = AccentColor;
				CODE_SIGN_STYLE = Automatic;
				CURRENT_PROJECT_VERSION = 1;
				GENERATE_INFOPLIST_FILE = YES;
				INFOPLIST_FILE = DisplayNumbers/Info.plist;
				INFOPLIST_KEY_UIApplicationSupportsIndirectInputEvents = YES;
				INFOPLIST_KEY_UILaunchStoryboardName = LaunchScreen;
				INFOPLIST_KEY_UIMainStoryboardFile = Main;
				INFOPLIST_KEY_UISupportedInterfaceOrientations_iPad = "UIInterfaceOrientationPortrait UIInterfaceOrientationPortraitUpsideDown UIInterfaceOrientationLandscapeLeft UIInterfaceOrientationLandscapeRight";
				INFOPLIST_KEY_UISupportedInterfaceOrientations_iPhone = "UIInterfaceOrientationPortrait UIInterfaceOrientationLandscapeLeft UIInterfaceOrientationLandscapeRight";
				LD_RUNPATH_SEARCH_PATHS = (
					"$(inherited)",
					"@executable_path/Frameworks",
				);
				MARKETING_VERSION = 1.0;
				PRODUCT_BUNDLE_IDENTIFIER = "sportz-interactive.DisplayNumbers";
				PRODUCT_NAME = "$(TARGET_NAME)";
				SWIFT_EMIT_LOC_STRINGS = YES;
				SWIFT_VERSION = 5.0;
				TARGETED_DEVICE_FAMILY = "1,2";
			};
			name = Debug;
		};
		93B3D3A82AD67CD500984584 /* Release */ = {
			isa = XCBuildConfiguration;
			buildSettings = {
				ASSETCATALOG_COMPILER_APPICON_NAME = AppIcon;
				ASSETCATALOG_COMPILER_GLOBAL_ACCENT_COLOR_NAME = AccentColor;
				CODE_SIGN_STYLE = Automatic;
				CURRENT_PROJECT_VERSION = 1;
				GENERATE_INFOPLIST_FILE = YES;
				INFOPLIST_FILE = DisplayNumbers/Info.plist;
				INFOPLIST_KEY_UIApplicationSupportsIndirectInputEvents = YES;
				INFOPLIST_KEY_UILaunchStoryboardName = LaunchScreen;
				INFOPLIST_KEY_UIMainStoryboardFile = Main;
				INFOPLIST_KEY_UISupportedInterfaceOrientations_iPad = "UIInterfaceOrientationPortrait UIInterfaceOrientationPortraitUpsideDown UIInterfaceOrientationLandscapeLeft UIInterfaceOrientationLandscapeRight";
				INFOPLIST_KEY_UISupportedInterfaceOrientations_iPhone = "UIInterfaceOrientationPortrait UIInterfaceOrientationLandscapeLeft UIInterfaceOrientationLandscapeRight";
				LD_RUNPATH_SEARCH_PATHS = (
					"$(inherited)",
					"@executable_path/Frameworks",
				);
				MARKETING_VERSION = 1.0;
				PRODUCT_BUNDLE_IDENTIFIER = "sportz-interactive.DisplayNumbers";
				PRODUCT_NAME = "$(TARGET_NAME)";
				SWIFT_EMIT_LOC_STRINGS = YES;
				SWIFT_VERSION = 5.0;
				TARGETED_DEVICE_FAMILY = "1,2";
			};
			name = Release;
		};
		93B3D3AA2AD67CD500984584 /* Debug */ = {
			isa = XCBuildConfiguration;
			buildSettings = {
				ALWAYS_EMBED_SWIFT_STANDARD_LIBRARIES = YES;
				BUNDLE_LOADER = "$(TEST_HOST)";
				CODE_SIGN_STYLE = Automatic;
				CURRENT_PROJECT_VERSION = 1;
				GENERATE_INFOPLIST_FILE = YES;
				IPHONEOS_DEPLOYMENT_TARGET = 17.0;
				MARKETING_VERSION = 1.0;
				PRODUCT_BUNDLE_IDENTIFIER = "sportz-interactive.DisplayNumbersTests";
				PRODUCT_NAME = "$(TARGET_NAME)";
				SWIFT_EMIT_LOC_STRINGS = NO;
				SWIFT_VERSION = 5.0;
				TARGETED_DEVICE_FAMILY = "1,2";
				TEST_HOST = "$(BUILT_PRODUCTS_DIR)/DisplayNumbers.app/$(BUNDLE_EXECUTABLE_FOLDER_PATH)/DisplayNumbers";
			};
			name = Debug;
		};
		93B3D3AB2AD67CD500984584 /* Release */ = {
			isa = XCBuildConfiguration;
			buildSettings = {
				ALWAYS_EMBED_SWIFT_STANDARD_LIBRARIES = YES;
				BUNDLE_LOADER = "$(TEST_HOST)";
				CODE_SIGN_STYLE = Automatic;
				CURRENT_PROJECT_VERSION = 1;
				GENERATE_INFOPLIST_FILE = YES;
				IPHONEOS_DEPLOYMENT_TARGET = 17.0;
				MARKETING_VERSION = 1.0;
				PRODUCT_BUNDLE_IDENTIFIER = "sportz-interactive.DisplayNumbersTests";
				PRODUCT_NAME = "$(TARGET_NAME)";
				SWIFT_EMIT_LOC_STRINGS = NO;
				SWIFT_VERSION = 5.0;
				TARGETED_DEVICE_FAMILY = "1,2";
				TEST_HOST = "$(BUILT_PRODUCTS_DIR)/DisplayNumbers.app/$(BUNDLE_EXECUTABLE_FOLDER_PATH)/DisplayNumbers";
			};
			name = Release;
		};
		93B3D3AD2AD67CD500984584 /* Debug */ = {
			isa = XCBuildConfiguration;
			buildSettings = {
				ALWAYS_EMBED_SWIFT_STANDARD_LIBRARIES = YES;
				CODE_SIGN_STYLE = Automatic;
				CURRENT_PROJECT_VERSION = 1;
				GENERATE_INFOPLIST_FILE = YES;
				MARKETING_VERSION = 1.0;
				PRODUCT_BUNDLE_IDENTIFIER = "sportz-interactive.DisplayNumbersUITests";
				PRODUCT_NAME = "$(TARGET_NAME)";
				SWIFT_EMIT_LOC_STRINGS = NO;
				SWIFT_VERSION = 5.0;
				TARGETED_DEVICE_FAMILY = "1,2";
				TEST_TARGET_NAME = DisplayNumbers;
			};
			name = Debug;
		};
		93B3D3AE2AD67CD500984584 /* Release */ = {
			isa = XCBuildConfiguration;
			buildSettings = {
				ALWAYS_EMBED_SWIFT_STANDARD_LIBRARIES = YES;
				CODE_SIGN_STYLE = Automatic;
				CURRENT_PROJECT_VERSION = 1;
				GENERATE_INFOPLIST_FILE = YES;
				MARKETING_VERSION = 1.0;
				PRODUCT_BUNDLE_IDENTIFIER = "sportz-interactive.DisplayNumbersUITests";
				PRODUCT_NAME = "$(TARGET_NAME)";
				SWIFT_EMIT_LOC_STRINGS = NO;
				SWIFT_VERSION = 5.0;
				TARGETED_DEVICE_FAMILY = "1,2";
				TEST_TARGET_NAME = DisplayNumbers;
			};
			name = Release;
		};
/* End XCBuildConfiguration section */

/* Begin XCConfigurationList section */
		93B3D3772AD67CD400984584 /* Build configuration list for PBXProject "DisplayNumbers" */ = {
			isa = XCConfigurationList;
			buildConfigurations = (
				93B3D3A42AD67CD500984584 /* Debug */,
				93B3D3A52AD67CD500984584 /* Release */,
			);
			defaultConfigurationIsVisible = 0;
			defaultConfigurationName = Release;
		};
		93B3D3A62AD67CD500984584 /* Build configuration list for PBXNativeTarget "DisplayNumbers" */ = {
			isa = XCConfigurationList;
			buildConfigurations = (
				93B3D3A72AD67CD500984584 /* Debug */,
				93B3D3A82AD67CD500984584 /* Release */,
			);
			defaultConfigurationIsVisible = 0;
			defaultConfigurationName = Release;
		};
		93B3D3A92AD67CD500984584 /* Build configuration list for PBXNativeTarget "DisplayNumbersTests" */ = {
			isa = XCConfigurationList;
			buildConfigurations = (
				93B3D3AA2AD67CD500984584 /* Debug */,
				93B3D3AB2AD67CD500984584 /* Release */,
			);
			defaultConfigurationIsVisible = 0;
			defaultConfigurationName = Release;
		};
		93B3D3AC2AD67CD500984584 /* Build configuration list for PBXNativeTarget "DisplayNumbersUITests" */ = {
			isa = XCConfigurationList;
			buildConfigurations = (
				93B3D3AD2AD67CD500984584 /* Debug */,
				93B3D3AE2AD67CD500984584 /* Release */,
			);
			defaultConfigurationIsVisible = 0;
			defaultConfigurationName = Release;
		};
/* End XCConfigurationList section */
	};
	rootObject = 93B3D3742AD67CD400984584 /* Project object */;
}
